
Microsoft Visual Studio Solution File, Format Version 12.00
# Visual Studio Version 17
VisualStudioVersion = 17.8.34330.188
MinimumVisualStudioVersion = 10.0.40219.1
Project("{FAE04EC0-301F-11D3-BF4B-00C04F79EFBC}") = "back-testFinanzauto", "back-testFinanzauto\back-testFinanzauto.csproj", "{54F2DB5E-3BB7-4711-8635-99BDAAC76083}"
EndProject
Global
	GlobalSection(SolutionConfigurationPlatforms) = preSolution
		Debug|Any CPU = Debug|Any CPU
		Release|Any CPU = Release|Any CPU
	EndGlobalSection
	GlobalSection(ProjectConfigurationPlatforms) = postSolution
		{54F2DB5E-3BB7-4711-8635-99BDAAC76083}.Debug|Any CPU.ActiveCfg = Debug|Any CPU
		{54F2DB5E-3BB7-4711-8635-99BDAAC76083}.Debug|Any CPU.Build.0 = Debug|Any CPU
		{54F2DB5E-3BB7-4711-8635-99BDAAC76083}.Release|Any CPU.ActiveCfg = Release|Any CPU
		{54F2DB5E-3BB7-4711-8635-99BDAAC76083}.Release|Any CPU.Build.0 = Release|Any CPU
	EndGlobalSection
	GlobalSection(SolutionProperties) = preSolution
		HideSolutionNode = FALSE
	EndGlobalSection
	GlobalSection(ExtensibilityGlobals) = postSolution
		SolutionGuid = {FADD3E67-9F98-4F19-9750-2392BFDFF174}
	EndGlobalSection
EndGlobal
